
Microsoft Visual Studio Solution File, Format Version 12.00
# Visual Studio Version 16
VisualStudioVersion = 16.0.32228.343
MinimumVisualStudioVersion = 10.0.40219.1
Project("{8BC9CEB8-8B4A-11D0-8D11-00A0C91BC942}") = "Calendar", "Calendar\Calendar.vcxproj", "{E781B448-5A82-4D9B-A38C-AFC9AEB3D8F1}"
EndProject
Global
	GlobalSection(SolutionConfigurationPlatforms) = preSolution
		Debug|x64 = Debug|x64
		Debug|x86 = Debug|x86
		Release|x64 = Release|x64
		Release|x86 = Release|x86
	EndGlobalSection
	GlobalSection(ProjectConfigurationPlatforms) = postSolution
		{E781B448-5A82-4D9B-A38C-AFC9AEB3D8F1}.Debug|x64.ActiveCfg = Debug|x64
		{E781B448-5A82-4D9B-A38C-AFC9AEB3D8F1}.Debug|x64.Build.0 = Debug|x64
		{E781B448-5A82-4D9B-A38C-AFC9AEB3D8F1}.Debug|x86.ActiveCfg = Debug|Win32
		{E781B448-5A82-4D9B-A38C-AFC9AEB3D8F1}.Debug|x86.Build.0 = Debug|Win32
		{E781B448-5A82-4D9B-A38C-AFC9AEB3D8F1}.Release|x64.ActiveCfg = Release|x64
		{E781B448-5A82-4D9B-A38C-AFC9AEB3D8F1}.Release|x64.Build.0 = Release|x64
		{E781B448-5A82-4D9B-A38C-AFC9AEB3D8F1}.Release|x86.ActiveCfg = Release|Win32
		{E781B448-5A82-4D9B-A38C-AFC9AEB3D8F1}.Release|x86.Build.0 = Release|Win32
	EndGlobalSection
	GlobalSection(SolutionProperties) = preSolution
		HideSolutionNode = FALSE
	EndGlobalSection
	GlobalSection(ExtensibilityGlobals) = postSolution
		SolutionGuid = {B1B3212F-55E4-4E01-8430-4A3170AB1081}
	EndGlobalSection
EndGlobal
