
Microsoft Visual Studio Solution File, Format Version 12.00
# Visual Studio Version 16
VisualStudioVersion = 16.0.32228.343
MinimumVisualStudioVersion = 10.0.40219.1
Project("{8BC9CEB8-8B4A-11D0-8D11-00A0C91BC942}") = "RegionDemo", "RegionDemo\RegionDemo.vcxproj", "{8B635DA8-36B6-4E92-B149-ED4F2F560DA1}"
EndProject
Global
	GlobalSection(SolutionConfigurationPlatforms) = preSolution
		Debug|x64 = Debug|x64
		Debug|x86 = Debug|x86
		Release|x64 = Release|x64
		Release|x86 = Release|x86
	EndGlobalSection
	GlobalSection(ProjectConfigurationPlatforms) = postSolution
		{8B635DA8-36B6-4E92-B149-ED4F2F560DA1}.Debug|x64.ActiveCfg = Debug|x64
		{8B635DA8-36B6-4E92-B149-ED4F2F560DA1}.Debug|x64.Build.0 = Debug|x64
		{8B635DA8-36B6-4E92-B149-ED4F2F560DA1}.Debug|x86.ActiveCfg = Debug|Win32
		{8B635DA8-36B6-4E92-B149-ED4F2F560DA1}.Debug|x86.Build.0 = Debug|Win32
		{8B635DA8-36B6-4E92-B149-ED4F2F560DA1}.Release|x64.ActiveCfg = Release|x64
		{8B635DA8-36B6-4E92-B149-ED4F2F560DA1}.Release|x64.Build.0 = Release|x64
		{8B635DA8-36B6-4E92-B149-ED4F2F560DA1}.Release|x86.ActiveCfg = Release|Win32
		{8B635DA8-36B6-4E92-B149-ED4F2F560DA1}.Release|x86.Build.0 = Release|Win32
	EndGlobalSection
	GlobalSection(SolutionProperties) = preSolution
		HideSolutionNode = FALSE
	EndGlobalSection
	GlobalSection(ExtensibilityGlobals) = postSolution
		SolutionGuid = {C4E41F08-4CE8-4B69-AA0D-133BA0D176C6}
	EndGlobalSection
EndGlobal
