
Microsoft Visual Studio Solution File, Format Version 12.00
# Visual Studio Version 16
VisualStudioVersion = 16.0.32228.343
MinimumVisualStudioVersion = 10.0.40219.1
Project("{8BC9CEB8-8B4A-11D0-8D11-00A0C91BC942}") = "EZPrint", "EZPrint\EZPrint.vcxproj", "{D6C6ACA7-2373-4A23-874E-F931D7F39CEF}"
EndProject
Global
	GlobalSection(SolutionConfigurationPlatforms) = preSolution
		Debug|x64 = Debug|x64
		Debug|x86 = Debug|x86
		Release|x64 = Release|x64
		Release|x86 = Release|x86
	EndGlobalSection
	GlobalSection(ProjectConfigurationPlatforms) = postSolution
		{D6C6ACA7-2373-4A23-874E-F931D7F39CEF}.Debug|x64.ActiveCfg = Debug|x64
		{D6C6ACA7-2373-4A23-874E-F931D7F39CEF}.Debug|x64.Build.0 = Debug|x64
		{D6C6ACA7-2373-4A23-874E-F931D7F39CEF}.Debug|x86.ActiveCfg = Debug|Win32
		{D6C6ACA7-2373-4A23-874E-F931D7F39CEF}.Debug|x86.Build.0 = Debug|Win32
		{D6C6ACA7-2373-4A23-874E-F931D7F39CEF}.Release|x64.ActiveCfg = Release|x64
		{D6C6ACA7-2373-4A23-874E-F931D7F39CEF}.Release|x64.Build.0 = Release|x64
		{D6C6ACA7-2373-4A23-874E-F931D7F39CEF}.Release|x86.ActiveCfg = Release|Win32
		{D6C6ACA7-2373-4A23-874E-F931D7F39CEF}.Release|x86.Build.0 = Release|Win32
	EndGlobalSection
	GlobalSection(SolutionProperties) = preSolution
		HideSolutionNode = FALSE
	EndGlobalSection
	GlobalSection(ExtensibilityGlobals) = postSolution
		SolutionGuid = {46AAE823-1F5A-4922-9CB4-98CC7E18BF37}
	EndGlobalSection
EndGlobal
